{
    "_meta": {
        "hash": {
            "sha256": "705c50fe78f77fa315a3d900a5ed20e8d93fac6b1a0bf7d752af24548099a1c2"
        },
        "pipfile-spec": 6,
        "requires": {
            "python_version": "3.6"
        },
        "sources": [
            {
                "name": "pypi",
                "url": "https://pypi.python.org/simple",
                "verify_ssl": true
            }
        ]
    },
    "default": {
        "boltons": {
            "hashes": [
                "sha256:a11e113cf3f0915a21ee2c8c69c315b02f46546ad61d3640e1037b7603f6e16f",
                "sha256:c7a71928c2b818f2d1263c3c66d3641331350879fb586c8f3ad6f670c72eee2d"
            ],
            "index": "pypi",
            "version": "==18.0.0"
        },
        "docopt": {
            "hashes": [
                "sha256:49b3a825280bd66b3aa83585ef59c4a8c82f2c8a522dbe754a8bc8d08c85c491"
            ],
            "index": "pypi",
            "version": "==0.6.2"
        },
        "schema": {
            "hashes": [
                "sha256:410f44cb025384959d20deef00b4e1595397fa30959947a4f0d92e9c84616f35",
                "sha256:a058daf5d926e4ece9f13c4c2366a836143ca7913ef053c5023c569e00175b2a"
            ],
            "index": "pypi",
            "version": "==0.6.7"
        },
        "six": {
            "hashes": [
                "sha256:70e8a77beed4562e7f14fe23a786b54f6296e34344c23bc42f07b15018ff98e9",
                "sha256:832dc0e10feb1aa2c68dcc57dbb658f1c7e65b9b61af69048abc87a2db00a0eb"
            ],
            "index": "pypi",
            "version": "==1.11.0"
        },
        "uuid": {
            "hashes": [
                "sha256:1f87cc004ac5120466f36c5beae48b4c48cc411968eed0eaecd3da82aa96193f"
            ],
            "index": "pypi",
            "version": "==1.30"
        }
    },
    "develop": {
        "testfixtures": {
            "hashes": [
                "sha256:04f31490bbebd7b87eae3bc63d1f1056cdcab62c76301b92bf34fc1267ffc367",
                "sha256:f8827cfc91e5cc9ac669727fdd48a85880f391b935a0a212b5cedb807879feec"
            ],
            "index": "pypi",
            "version": "==6.0.2"
        }
    }
}
